
Microsoft Visual Studio Solution File, Format Version 12.00
# Visual Studio Version 16
VisualStudioVersion = 16.0.34031.81
MinimumVisualStudioVersion = 10.0.40219.1
Project("{F184B08F-C81C-45F6-A57F-5ABD9991F28F}") = "VolHedge", "volhedge\VolHedge.vbproj", "{B3FAB130-7E81-42F9-B187-3BB55FC93E7B}"
EndProject
Global
	GlobalSection(SolutionConfigurationPlatforms) = preSolution
		Debug|Any CPU = Debug|Any CPU
		Debug|Mixed Platforms = Debug|Mixed Platforms
		Debug|x64 = Debug|x64
		Debug|x86 = Debug|x86
		Release|Any CPU = Release|Any CPU
		Release|Mixed Platforms = Release|Mixed Platforms
		Release|x64 = Release|x64
		Release|x86 = Release|x86
		Vol64|Any CPU = Vol64|Any CPU
		Vol64|Mixed Platforms = Vol64|Mixed Platforms
		Vol64|x64 = Vol64|x64
		Vol64|x86 = Vol64|x86
	EndGlobalSection
	GlobalSection(ProjectConfigurationPlatforms) = postSolution
		{B3FAB130-7E81-42F9-B187-3BB55FC93E7B}.Debug|Any CPU.ActiveCfg = Release|Any CPU
		{B3FAB130-7E81-42F9-B187-3BB55FC93E7B}.Debug|Any CPU.Build.0 = Release|Any CPU
		{B3FAB130-7E81-42F9-B187-3BB55FC93E7B}.Debug|Mixed Platforms.ActiveCfg = Debug|x86
		{B3FAB130-7E81-42F9-B187-3BB55FC93E7B}.Debug|Mixed Platforms.Build.0 = Debug|x86
		{B3FAB130-7E81-42F9-B187-3BB55FC93E7B}.Debug|x64.ActiveCfg = Debug|x86
		{B3FAB130-7E81-42F9-B187-3BB55FC93E7B}.Debug|x64.Build.0 = Debug|x86
		{B3FAB130-7E81-42F9-B187-3BB55FC93E7B}.Debug|x86.ActiveCfg = Debug|x86
		{B3FAB130-7E81-42F9-B187-3BB55FC93E7B}.Debug|x86.Build.0 = Debug|x86
		{B3FAB130-7E81-42F9-B187-3BB55FC93E7B}.Release|Any CPU.ActiveCfg = Debug|Any CPU
		{B3FAB130-7E81-42F9-B187-3BB55FC93E7B}.Release|Any CPU.Build.0 = Debug|Any CPU
		{B3FAB130-7E81-42F9-B187-3BB55FC93E7B}.Release|Mixed Platforms.ActiveCfg = Debug|Any CPU
		{B3FAB130-7E81-42F9-B187-3BB55FC93E7B}.Release|Mixed Platforms.Build.0 = Debug|Any CPU
		{B3FAB130-7E81-42F9-B187-3BB55FC93E7B}.Release|x64.ActiveCfg = Release|x64
		{B3FAB130-7E81-42F9-B187-3BB55FC93E7B}.Release|x64.Build.0 = Release|x64
		{B3FAB130-7E81-42F9-B187-3BB55FC93E7B}.Release|x86.ActiveCfg = Release|x86
		{B3FAB130-7E81-42F9-B187-3BB55FC93E7B}.Release|x86.Build.0 = Release|x86
		{B3FAB130-7E81-42F9-B187-3BB55FC93E7B}.Vol64|Any CPU.ActiveCfg = Vol64|Any CPU
		{B3FAB130-7E81-42F9-B187-3BB55FC93E7B}.Vol64|Any CPU.Build.0 = Vol64|Any CPU
		{B3FAB130-7E81-42F9-B187-3BB55FC93E7B}.Vol64|Mixed Platforms.ActiveCfg = Vol64|x86
		{B3FAB130-7E81-42F9-B187-3BB55FC93E7B}.Vol64|Mixed Platforms.Build.0 = Vol64|x86
		{B3FAB130-7E81-42F9-B187-3BB55FC93E7B}.Vol64|x64.ActiveCfg = Debug|x86
		{B3FAB130-7E81-42F9-B187-3BB55FC93E7B}.Vol64|x64.Build.0 = Debug|x86
		{B3FAB130-7E81-42F9-B187-3BB55FC93E7B}.Vol64|x86.ActiveCfg = Vol64|x64
		{B3FAB130-7E81-42F9-B187-3BB55FC93E7B}.Vol64|x86.Build.0 = Vol64|x64
	EndGlobalSection
	GlobalSection(SolutionProperties) = preSolution
		HideSolutionNode = FALSE
	EndGlobalSection
	GlobalSection(ExtensibilityGlobals) = postSolution
		SolutionGuid = {1134C537-17C8-4F89-BE91-C22C7FBAB55E}
	EndGlobalSection
EndGlobal
